
Microsoft Visual Studio Solution File, Format Version 12.00
# Visual Studio Version 17
VisualStudioVersion = 17.14.36203.30
MinimumVisualStudioVersion = 10.0.40219.1
Project("{FAE04EC0-301F-11D3-BF4B-00C04F79EFBC}") = "ImageTour", "ImageTour\ImageTour.csproj", "{4E523ADD-F064-41E9-A99A-EA05A8CBA6F8}"
EndProject
Project("{D954291E-2A0B-460D-934E-DC6B0785DB48}") = "DraggerResizer", "DraggerResizerWinUI\DraggerResizer.shproj", "{26BA5B05-9F47-4FB6-873D-CA48909F653E}"
EndProject
Project("{D954291E-2A0B-460D-934E-DC6B0785DB48}") = "ImageTourPage", "ImageTourPageWinUI\ImageTourPage.shproj", "{12E27B88-C197-4545-8A19-6E744A5012AD}"
EndProject
Project("{D954291E-2A0B-460D-934E-DC6B0785DB48}") = "Timeline", "TimelineWinUI\Timeline.shproj", "{8A87FF88-D9FA-499F-971F-6A8B191EB7C5}"
EndProject
Global
	GlobalSection(SolutionConfigurationPlatforms) = preSolution
		Debug|ARM64 = Debug|ARM64
		Debug|x64 = Debug|x64
		Debug|x86 = Debug|x86
		Release|ARM64 = Release|ARM64
		Release|x64 = Release|x64
		Release|x86 = Release|x86
	EndGlobalSection
	GlobalSection(ProjectConfigurationPlatforms) = postSolution
		{4E523ADD-F064-41E9-A99A-EA05A8CBA6F8}.Debug|ARM64.ActiveCfg = Debug|ARM64
		{4E523ADD-F064-41E9-A99A-EA05A8CBA6F8}.Debug|ARM64.Build.0 = Debug|ARM64
		{4E523ADD-F064-41E9-A99A-EA05A8CBA6F8}.Debug|ARM64.Deploy.0 = Debug|ARM64
		{4E523ADD-F064-41E9-A99A-EA05A8CBA6F8}.Debug|x64.ActiveCfg = Debug|x64
		{4E523ADD-F064-41E9-A99A-EA05A8CBA6F8}.Debug|x64.Build.0 = Debug|x64
		{4E523ADD-F064-41E9-A99A-EA05A8CBA6F8}.Debug|x64.Deploy.0 = Debug|x64
		{4E523ADD-F064-41E9-A99A-EA05A8CBA6F8}.Debug|x86.ActiveCfg = Debug|x86
		{4E523ADD-F064-41E9-A99A-EA05A8CBA6F8}.Debug|x86.Build.0 = Debug|x86
		{4E523ADD-F064-41E9-A99A-EA05A8CBA6F8}.Debug|x86.Deploy.0 = Debug|x86
		{4E523ADD-F064-41E9-A99A-EA05A8CBA6F8}.Release|ARM64.ActiveCfg = Release|ARM64
		{4E523ADD-F064-41E9-A99A-EA05A8CBA6F8}.Release|ARM64.Build.0 = Release|ARM64
		{4E523ADD-F064-41E9-A99A-EA05A8CBA6F8}.Release|ARM64.Deploy.0 = Release|ARM64
		{4E523ADD-F064-41E9-A99A-EA05A8CBA6F8}.Release|x64.ActiveCfg = Release|x64
		{4E523ADD-F064-41E9-A99A-EA05A8CBA6F8}.Release|x64.Build.0 = Release|x64
		{4E523ADD-F064-41E9-A99A-EA05A8CBA6F8}.Release|x64.Deploy.0 = Release|x64
		{4E523ADD-F064-41E9-A99A-EA05A8CBA6F8}.Release|x86.ActiveCfg = Release|x86
		{4E523ADD-F064-41E9-A99A-EA05A8CBA6F8}.Release|x86.Build.0 = Release|x86
		{4E523ADD-F064-41E9-A99A-EA05A8CBA6F8}.Release|x86.Deploy.0 = Release|x86
	EndGlobalSection
	GlobalSection(SolutionProperties) = preSolution
		HideSolutionNode = FALSE
	EndGlobalSection
	GlobalSection(ExtensibilityGlobals) = postSolution
		SolutionGuid = {39768067-247D-410D-9239-47A82B35B21A}
	EndGlobalSection
	GlobalSection(SharedMSBuildProjectFiles) = preSolution
		ImageTourPageWinUI\ImageTourPage.projitems*{12e27b88-c197-4545-8a19-6e744a5012ad}*SharedItemsImports = 13
		DraggerResizerWinUI\DraggerResizer.projitems*{26ba5b05-9f47-4fb6-873d-ca48909f653e}*SharedItemsImports = 13
		DraggerResizerWinUI\DraggerResizer.projitems*{4e523add-f064-41e9-a99a-ea05a8cba6f8}*SharedItemsImports = 5
		ImageTourPageWinUI\ImageTourPage.projitems*{4e523add-f064-41e9-a99a-ea05a8cba6f8}*SharedItemsImports = 5
		TimelineWinUI\Timeline.projitems*{4e523add-f064-41e9-a99a-ea05a8cba6f8}*SharedItemsImports = 5
		TimelineWinUI\Timeline.projitems*{8a87ff88-d9fa-499f-971f-6a8b191eb7c5}*SharedItemsImports = 13
	EndGlobalSection
EndGlobal
